uuid: f0480d76-3e58-46b2-a173-84ec613628e0
langcode: en
status: true
dependencies:
  config:
    - field.storage.paragraph.field_block
    - paragraphs.paragraphs_type.block
  module:
    - block_field
id: paragraph.block.field_block
field_name: field_block
entity_type: paragraph
bundle: block
label: Block
description: ''
required: false
translatable: false
default_value: {  }
default_value_callback: ''
settings:
  selection: blocks
  selection_settings:
    plugin_ids:
      'views_block:featured-featured_courses_main': 'views_block:featured-featured_courses_main'
      'views_block:featured-featured_courses_thumbs': 'views_block:featured-featured_courses_thumbs'
field_type: block_field
